// !$*UTF8*$!
{
	archiveVersion = 1;
	classes = {
	};
	objectVersion = 46;
	objects = {

/* Begin PBXBuildFile section */
		480F22AF1FBD689E00073B3E /* LightingTestController.swift in Sources */ = {isa = PBXBuildFile; fileRef = 480F22AE1FBD689E00073B3E /* LightingTestController.swift */; };
		4857EECF1E2DF25A00801CBB /* AppDelegate.swift in Sources */ = {isa = PBXBuildFile; fileRef = 4857EECE1E2DF25A00801CBB /* AppDelegate.swift */; };
		4857EED11E2DF25A00801CBB /* ViewController.swift in Sources */ = {isa = PBXBuildFile; fileRef = 4857EED01E2DF25A00801CBB /* ViewController.swift */; };
		4857EED71E2DF25A00801CBB /* Color.xcdatamodeld in Sources */ = {isa = PBXBuildFile; fileRef = 4857EED51E2DF25A00801CBB /* Color.xcdatamodeld */; };
		4857EED91E2DF25A00801CBB /* Assets.xcassets in Resources */ = {isa = PBXBuildFile; fileRef = 4857EED81E2DF25A00801CBB /* Assets.xcassets */; };
		4857EEDC1E2DF25A00801CBB /* LaunchScreen.storyboard in Resources */ = {isa = PBXBuildFile; fileRef = 4857EEDA1E2DF25A00801CBB /* LaunchScreen.storyboard */; };
		4857EEE71E3061FD00801CBB /* StartViewController.swift in Sources */ = {isa = PBXBuildFile; fileRef = 4857EEE61E3061FD00801CBB /* StartViewController.swift */; };
		4857EEF11E37061800801CBB /* ResultData.swift in Sources */ = {isa = PBXBuildFile; fileRef = 4857EEF01E37061800801CBB /* ResultData.swift */; };
		4863AC691E43014500CDC808 /* Info.swift in Sources */ = {isa = PBXBuildFile; fileRef = 4863AC681E43014500CDC808 /* Info.swift */; };
		4863AC6B1E43AF1700CDC808 /* StopViewController.swift in Sources */ = {isa = PBXBuildFile; fileRef = 4863AC6A1E43AF1700CDC808 /* StopViewController.swift */; };
		487475EB1E7F79F900F79086 /* DrawingTestController.swift in Sources */ = {isa = PBXBuildFile; fileRef = 487475EA1E7F79F900F79086 /* DrawingTestController.swift */; };
		4892FD121F92E35800A75A83 /* Ding-sfx.mp3 in Resources */ = {isa = PBXBuildFile; fileRef = 4892FD111F92E35800A75A83 /* Ding-sfx.mp3 */; };
		4892FD161F92E4B600A75A83 /* Buzz.mp3 in Resources */ = {isa = PBXBuildFile; fileRef = 4892FD151F92E4B600A75A83 /* Buzz.mp3 */; };
		489B0C8D1FC67C9F00CFB42E /* LightingTestView.swift in Sources */ = {isa = PBXBuildFile; fileRef = 489B0C8C1FC67C9F00CFB42E /* LightingTestView.swift */; };
		489B0C901FCA374700CFB42E /* Main.storyboard in Resources */ = {isa = PBXBuildFile; fileRef = 489B0C8E1FCA374700CFB42E /* Main.storyboard */; };
		48B2D76C1ECC0FC00069929B /* DigitParams.swift in Sources */ = {isa = PBXBuildFile; fileRef = 48B2D76B1ECC0FC00069929B /* DigitParams.swift */; };
		48DF48BA1F9A7A190011169B /* GameKit.framework in Frameworks */ = {isa = PBXBuildFile; fileRef = 48DF48B91F9A7A190011169B /* GameKit.framework */; };
		48F981C91E833F800050C180 /* DrawingTestView.swift in Sources */ = {isa = PBXBuildFile; fileRef = 48F981C81E833F800050C180 /* DrawingTestView.swift */; };
		48FC2C761F421689002ACDA1 /* PausedViewController.swift in Sources */ = {isa = PBXBuildFile; fileRef = 48FC2C751F421689002ACDA1 /* PausedViewController.swift */; };
		48FF36A81EEA19BE00BCB159 /* ModifiedViewController.swift in Sources */ = {isa = PBXBuildFile; fileRef = 48FF36A71EEA19BE00BCB159 /* ModifiedViewController.swift */; };
		48FF36AA1F01D08B00BCB159 /* DataParams.swift in Sources */ = {isa = PBXBuildFile; fileRef = 48FF36A91F01D08B00BCB159 /* DataParams.swift */; };
		48FF36AC1F1739DB00BCB159 /* ColorGeneration.swift in Sources */ = {isa = PBXBuildFile; fileRef = 48FF36AB1F1739DA00BCB159 /* ColorGeneration.swift */; };
/* End PBXBuildFile section */

/* Begin PBXFileReference section */
		480F22AE1FBD689E00073B3E /* LightingTestController.swift */ = {isa = PBXFileReference; fileEncoding = 4; lastKnownFileType = sourcecode.swift; path = LightingTestController.swift; sourceTree = "<group>"; };
		4857EECB1E2DF25A00801CBB /* Color.app */ = {isa = PBXFileReference; explicitFileType = wrapper.application; includeInIndex = 0; path = Color.app; sourceTree = BUILT_PRODUCTS_DIR; };
		4857EECE1E2DF25A00801CBB /* AppDelegate.swift */ = {isa = PBXFileReference; lastKnownFileType = sourcecode.swift; path = AppDelegate.swift; sourceTree = "<group>"; };
		4857EED01E2DF25A00801CBB /* ViewController.swift */ = {isa = PBXFileReference; lastKnownFileType = sourcecode.swift; path = ViewController.swift; sourceTree = "<group>"; };
		4857EED61E2DF25A00801CBB /* Color.xcdatamodel */ = {isa = PBXFileReference; lastKnownFileType = wrapper.xcdatamodel; path = Color.xcdatamodel; sourceTree = "<group>"; };
		4857EED81E2DF25A00801CBB /* Assets.xcassets */ = {isa = PBXFileReference; lastKnownFileType = folder.assetcatalog; path = Assets.xcassets; sourceTree = "<group>"; };
		4857EEDB1E2DF25A00801CBB /* Base */ = {isa = PBXFileReference; lastKnownFileType = file.storyboard; name = Base; path = Base.lproj/LaunchScreen.storyboard; sourceTree = "<group>"; };
		4857EEDD1E2DF25A00801CBB /* Info.plist */ = {isa = PBXFileReference; lastKnownFileType = text.plist.xml; path = Info.plist; sourceTree = "<group>"; };
		4857EEE61E3061FD00801CBB /* StartViewController.swift */ = {isa = PBXFileReference; fileEncoding = 4; lastKnownFileType = sourcecode.swift; path = StartViewController.swift; sourceTree = "<group>"; };
		4857EEF01E37061800801CBB /* ResultData.swift */ = {isa = PBXFileReference; fileEncoding = 4; lastKnownFileType = sourcecode.swift; path = ResultData.swift; sourceTree = "<group>"; };
		4863AC681E43014500CDC808 /* Info.swift */ = {isa = PBXFileReference; fileEncoding = 4; lastKnownFileType = sourcecode.swift; path = Info.swift; sourceTree = "<group>"; };
		4863AC6A1E43AF1700CDC808 /* StopViewController.swift */ = {isa = PBXFileReference; fileEncoding = 4; lastKnownFileType = sourcecode.swift; path = StopViewController.swift; sourceTree = "<group>"; };
		487475EA1E7F79F900F79086 /* DrawingTestController.swift */ = {isa = PBXFileReference; fileEncoding = 4; lastKnownFileType = sourcecode.swift; path = DrawingTestController.swift; sourceTree = "<group>"; };
		4892FD111F92E35800A75A83 /* Ding-sfx.mp3 */ = {isa = PBXFileReference; lastKnownFileType = audio.mp3; path = "Ding-sfx.mp3"; sourceTree = "<group>"; };
		4892FD151F92E4B600A75A83 /* Buzz.mp3 */ = {isa = PBXFileReference; lastKnownFileType = audio.mp3; path = Buzz.mp3; sourceTree = "<group>"; };
		489B0C8C1FC67C9F00CFB42E /* LightingTestView.swift */ = {isa = PBXFileReference; fileEncoding = 4; lastKnownFileType = sourcecode.swift; path = LightingTestView.swift; sourceTree = "<group>"; };
		489B0C8F1FCA374700CFB42E /* Base */ = {isa = PBXFileReference; lastKnownFileType = file.storyboard; name = Base; path = Base.lproj/Main.storyboard; sourceTree = "<group>"; };
		48B2D76B1ECC0FC00069929B /* DigitParams.swift */ = {isa = PBXFileReference; fileEncoding = 4; lastKnownFileType = sourcecode.swift; path = DigitParams.swift; sourceTree = "<group>"; };
		48DF48B91F9A7A190011169B /* GameKit.framework */ = {isa = PBXFileReference; lastKnownFileType = wrapper.framework; name = GameKit.framework; path = System/Library/Frameworks/GameKit.framework; sourceTree = SDKROOT; };
		48F981C81E833F800050C180 /* DrawingTestView.swift */ = {isa = PBXFileReference; fileEncoding = 4; lastKnownFileType = sourcecode.swift; path = DrawingTestView.swift; sourceTree = "<group>"; };
		48FC2C751F421689002ACDA1 /* PausedViewController.swift */ = {isa = PBXFileReference; fileEncoding = 4; lastKnownFileType = sourcecode.swift; path = PausedViewController.swift; sourceTree = "<group>"; };
		48FF36A71EEA19BE00BCB159 /* ModifiedViewController.swift */ = {isa = PBXFileReference; fileEncoding = 4; lastKnownFileType = sourcecode.swift; path = ModifiedViewController.swift; sourceTree = "<group>"; };
		48FF36A91F01D08B00BCB159 /* DataParams.swift */ = {isa = PBXFileReference; fileEncoding = 4; lastKnownFileType = sourcecode.swift; path = DataParams.swift; sourceTree = "<group>"; };
		48FF36AB1F1739DA00BCB159 /* ColorGeneration.swift */ = {isa = PBXFileReference; fileEncoding = 4; lastKnownFileType = sourcecode.swift; path = ColorGeneration.swift; sourceTree = "<group>"; };
/* End PBXFileReference section */

/* Begin PBXFrameworksBuildPhase section */
		4857EEC81E2DF25A00801CBB /* Frameworks */ = {
			isa = PBXFrameworksBuildPhase;
			buildActionMask = 2147483647;
			files = (
				48DF48BA1F9A7A190011169B /* GameKit.framework in Frameworks */,
			);
			runOnlyForDeploymentPostprocessing = 0;
		};
/* End PBXFrameworksBuildPhase section */

/* Begin PBXGroup section */
		4857EEC21E2DF25A00801CBB = {
			isa = PBXGroup;
			children = (
				4857EECD1E2DF25A00801CBB /* Color */,
				4857EECC1E2DF25A00801CBB /* Products */,
				48DF48B81F9A7A190011169B /* Frameworks */,
			);
			sourceTree = "<group>";
		};
		4857EECC1E2DF25A00801CBB /* Products */ = {
			isa = PBXGroup;
			children = (
				4857EECB1E2DF25A00801CBB /* Color.app */,
			);
			name = Products;
			sourceTree = "<group>";
		};
		4857EECD1E2DF25A00801CBB /* Color */ = {
			isa = PBXGroup;
			children = (
				4892FD101F92E34D00A75A83 /* Sounds */,
				4857EEE31E2DF9AE00801CBB /* Images */,
				4857EECE1E2DF25A00801CBB /* AppDelegate.swift */,
				4857EEE61E3061FD00801CBB /* StartViewController.swift */,
				4857EED01E2DF25A00801CBB /* ViewController.swift */,
				48FF36A71EEA19BE00BCB159 /* ModifiedViewController.swift */,
				48FC2C751F421689002ACDA1 /* PausedViewController.swift */,
				48FF36AB1F1739DA00BCB159 /* ColorGeneration.swift */,
				4863AC6A1E43AF1700CDC808 /* StopViewController.swift */,
				48FF36A91F01D08B00BCB159 /* DataParams.swift */,
				48B2D76B1ECC0FC00069929B /* DigitParams.swift */,
				480F22AE1FBD689E00073B3E /* LightingTestController.swift */,
				489B0C8C1FC67C9F00CFB42E /* LightingTestView.swift */,
				487475EA1E7F79F900F79086 /* DrawingTestController.swift */,
				48F981C81E833F800050C180 /* DrawingTestView.swift */,
				4857EEF01E37061800801CBB /* ResultData.swift */,
				489B0C8E1FCA374700CFB42E /* Main.storyboard */,
				4857EED81E2DF25A00801CBB /* Assets.xcassets */,
				4857EEDA1E2DF25A00801CBB /* LaunchScreen.storyboard */,
				4857EEDD1E2DF25A00801CBB /* Info.plist */,
				4857EED51E2DF25A00801CBB /* Color.xcdatamodeld */,
				4863AC681E43014500CDC808 /* Info.swift */,
			);
			path = Color;
			sourceTree = "<group>";
		};
		4857EEE31E2DF9AE00801CBB /* Images */ = {
			isa = PBXGroup;
			children = (
			);
			name = Images;
			sourceTree = "<group>";
		};
		4892FD101F92E34D00A75A83 /* Sounds */ = {
			isa = PBXGroup;
			children = (
				4892FD151F92E4B600A75A83 /* Buzz.mp3 */,
				4892FD111F92E35800A75A83 /* Ding-sfx.mp3 */,
			);
			name = Sounds;
			sourceTree = "<group>";
		};
		48DF48B81F9A7A190011169B /* Frameworks */ = {
			isa = PBXGroup;
			children = (
				48DF48B91F9A7A190011169B /* GameKit.framework */,
			);
			name = Frameworks;
			sourceTree = "<group>";
		};
/* End PBXGroup section */

/* Begin PBXNativeTarget section */
		4857EECA1E2DF25A00801CBB /* Color */ = {
			isa = PBXNativeTarget;
			buildConfigurationList = 4857EEE01E2DF25A00801CBB /* Build configuration list for PBXNativeTarget "Color" */;
			buildPhases = (
				4857EEC71E2DF25A00801CBB /* Sources */,
				4857EEC81E2DF25A00801CBB /* Frameworks */,
				4857EEC91E2DF25A00801CBB /* Resources */,
			);
			buildRules = (
			);
			dependencies = (
			);
			name = Color;
			productName = Color;
			productReference = 4857EECB1E2DF25A00801CBB /* Color.app */;
			productType = "com.apple.product-type.application";
		};
/* End PBXNativeTarget section */

/* Begin PBXProject section */
		4857EEC31E2DF25A00801CBB /* Project object */ = {
			isa = PBXProject;
			attributes = {
				LastSwiftUpdateCheck = 0730;
				LastUpgradeCheck = 0820;
				ORGANIZATIONNAME = DanielW;
				TargetAttributes = {
					4857EECA1E2DF25A00801CBB = {
						CreatedOnToolsVersion = 7.3.1;
						DevelopmentTeam = X753V7PNXY;
						LastSwiftMigration = 0820;
						ProvisioningStyle = Automatic;
						SystemCapabilities = {
							com.apple.GameCenter = {
								enabled = 1;
							};
						};
					};
				};
			};
			buildConfigurationList = 4857EEC61E2DF25A00801CBB /* Build configuration list for PBXProject "Color" */;
			compatibilityVersion = "Xcode 3.2";
			developmentRegion = English;
			hasScannedForEncodings = 0;
			knownRegions = (
				en,
				Base,
			);
			mainGroup = 4857EEC21E2DF25A00801CBB;
			productRefGroup = 4857EECC1E2DF25A00801CBB /* Products */;
			projectDirPath = "";
			projectRoot = "";
			targets = (
				4857EECA1E2DF25A00801CBB /* Color */,
			);
		};
/* End PBXProject section */

/* Begin PBXResourcesBuildPhase section */
		4857EEC91E2DF25A00801CBB /* Resources */ = {
			isa = PBXResourcesBuildPhase;
			buildActionMask = 2147483647;
			files = (
				4857EEDC1E2DF25A00801CBB /* LaunchScreen.storyboard in Resources */,
				489B0C901FCA374700CFB42E /* Main.storyboard in Resources */,
				4857EED91E2DF25A00801CBB /* Assets.xcassets in Resources */,
				4892FD161F92E4B600A75A83 /* Buzz.mp3 in Resources */,
				4892FD121F92E35800A75A83 /* Ding-sfx.mp3 in Resources */,
			);
			runOnlyForDeploymentPostprocessing = 0;
		};
/* End PBXResourcesBuildPhase section */

/* Begin PBXSourcesBuildPhase section */
		4857EEC71E2DF25A00801CBB /* Sources */ = {
			isa = PBXSourcesBuildPhase;
			buildActionMask = 2147483647;
			files = (
				487475EB1E7F79F900F79086 /* DrawingTestController.swift in Sources */,
				4857EEF11E37061800801CBB /* ResultData.swift in Sources */,
				489B0C8D1FC67C9F00CFB42E /* LightingTestView.swift in Sources */,
				480F22AF1FBD689E00073B3E /* LightingTestController.swift in Sources */,
				4857EED11E2DF25A00801CBB /* ViewController.swift in Sources */,
				48F981C91E833F800050C180 /* DrawingTestView.swift in Sources */,
				48FF36A81EEA19BE00BCB159 /* ModifiedViewController.swift in Sources */,
				48B2D76C1ECC0FC00069929B /* DigitParams.swift in Sources */,
				4857EEE71E3061FD00801CBB /* StartViewController.swift in Sources */,
				4863AC691E43014500CDC808 /* Info.swift in Sources */,
				48FF36AA1F01D08B00BCB159 /* DataParams.swift in Sources */,
				4863AC6B1E43AF1700CDC808 /* StopViewController.swift in Sources */,
				48FC2C761F421689002ACDA1 /* PausedViewController.swift in Sources */,
				4857EED71E2DF25A00801CBB /* Color.xcdatamodeld in Sources */,
				4857EECF1E2DF25A00801CBB /* AppDelegate.swift in Sources */,
				48FF36AC1F1739DB00BCB159 /* ColorGeneration.swift in Sources */,
			);
			runOnlyForDeploymentPostprocessing = 0;
		};
/* End PBXSourcesBuildPhase section */

/* Begin PBXVariantGroup section */
		4857EEDA1E2DF25A00801CBB /* LaunchScreen.storyboard */ = {
			isa = PBXVariantGroup;
			children = (
				4857EEDB1E2DF25A00801CBB /* Base */,
			);
			name = LaunchScreen.storyboard;
			sourceTree = "<group>";
		};
		489B0C8E1FCA374700CFB42E /* Main.storyboard */ = {
			isa = PBXVariantGroup;
			children = (
				489B0C8F1FCA374700CFB42E /* Base */,
			);
			name = Main.storyboard;
			sourceTree = "<group>";
		};
/* End PBXVariantGroup section */

/* Begin XCBuildConfiguration section */
		4857EEDE1E2DF25A00801CBB /* Debug */ = {
			isa = XCBuildConfiguration;
			buildSettings = {
				ALWAYS_SEARCH_USER_PATHS = NO;
				CLANG_ANALYZER_NONNULL = YES;
				CLANG_CXX_LANGUAGE_STANDARD = "gnu++0x";
				CLANG_CXX_LIBRARY = "libc++";
				CLANG_ENABLE_MODULES = YES;
				CLANG_ENABLE_OBJC_ARC = YES;
				CLANG_WARN_BOOL_CONVERSION = YES;
				CLANG_WARN_CONSTANT_CONVERSION = YES;
				CLANG_WARN_DIRECT_OBJC_ISA_USAGE = YES_ERROR;
				CLANG_WARN_EMPTY_BODY = YES;
				CLANG_WARN_ENUM_CONVERSION = YES;
				CLANG_WARN_INFINITE_RECURSION = YES;
				CLANG_WARN_INT_CONVERSION = YES;
				CLANG_WARN_OBJC_ROOT_CLASS = YES_ERROR;
				CLANG_WARN_SUSPICIOUS_MOVE = YES;
				CLANG_WARN_UNREACHABLE_CODE = YES;
				CLANG_WARN__DUPLICATE_METHOD_MATCH = YES;
				CODE_SIGN_IDENTITY = "";
				"CODE_SIGN_IDENTITY[sdk=iphoneos*]" = "iPhone Developer";
				COPY_PHASE_STRIP = NO;
				DEBUG_INFORMATION_FORMAT = dwarf;
				DEVELOPMENT_TEAM = X753V7PNXY;
				ENABLE_STRICT_OBJC_MSGSEND = YES;
				ENABLE_TESTABILITY = YES;
				GCC_C_LANGUAGE_STANDARD = gnu99;
				GCC_DYNAMIC_NO_PIC = NO;
				GCC_NO_COMMON_BLOCKS = YES;
				GCC_OPTIMIZATION_LEVEL = 0;
				GCC_PREPROCESSOR_DEFINITIONS = (
					"DEBUG=1",
					"$(inherited)",
				);
				GCC_WARN_64_TO_32_BIT_CONVERSION = YES;
				GCC_WARN_ABOUT_RETURN_TYPE = YES_ERROR;
				GCC_WARN_UNDECLARED_SELECTOR = YES;
				GCC_WARN_UNINITIALIZED_AUTOS = YES_AGGRESSIVE;
				GCC_WARN_UNUSED_FUNCTION = YES;
				GCC_WARN_UNUSED_VARIABLE = YES;
				IPHONEOS_DEPLOYMENT_TARGET = 10.0;
				MTL_ENABLE_DEBUG_INFO = YES;
				ONLY_ACTIVE_ARCH = YES;
				SDKROOT = iphoneos;
				SWIFT_OPTIMIZATION_LEVEL = "-Onone";
				TARGETED_DEVICE_FAMILY = "1,2";
			};
			name = Debug;
		};
		4857EEDF1E2DF25A00801CBB /* Release */ = {
			isa = XCBuildConfiguration;
			buildSettings = {
				ALWAYS_SEARCH_USER_PATHS = NO;
				CLANG_ANALYZER_NONNULL = YES;
				CLANG_CXX_LANGUAGE_STANDARD = "gnu++0x";
				CLANG_CXX_LIBRARY = "libc++";
				CLANG_ENABLE_MODULES = YES;
				CLANG_ENABLE_OBJC_ARC = YES;
				CLANG_WARN_BOOL_CONVERSION = YES;
				CLANG_WARN_CONSTANT_CONVERSION = YES;
				CLANG_WARN_DIRECT_OBJC_ISA_USAGE = YES_ERROR;
				CLANG_WARN_EMPTY_BODY = YES;
				CLANG_WARN_ENUM_CONVERSION = YES;
				CLANG_WARN_INFINITE_RECURSION = YES;
				CLANG_WARN_INT_CONVERSION = YES;
				CLANG_WARN_OBJC_ROOT_CLASS = YES_ERROR;
				CLANG_WARN_SUSPICIOUS_MOVE = YES;
				CLANG_WARN_UNREACHABLE_CODE = YES;
				CLANG_WARN__DUPLICATE_METHOD_MATCH = YES;
				CODE_SIGN_IDENTITY = "";
				"CODE_SIGN_IDENTITY[sdk=iphoneos*]" = "iPhone Developer";
				COPY_PHASE_STRIP = NO;
				DEBUG_INFORMATION_FORMAT = "dwarf-with-dsym";
				DEVELOPMENT_TEAM = X753V7PNXY;
				ENABLE_NS_ASSERTIONS = NO;
				ENABLE_STRICT_OBJC_MSGSEND = YES;
				GCC_C_LANGUAGE_STANDARD = gnu99;
				GCC_NO_COMMON_BLOCKS = YES;
				GCC_WARN_64_TO_32_BIT_CONVERSION = YES;
				GCC_WARN_ABOUT_RETURN_TYPE = YES_ERROR;
				GCC_WARN_UNDECLARED_SELECTOR = YES;
				GCC_WARN_UNINITIALIZED_AUTOS = YES_AGGRESSIVE;
				GCC_WARN_UNUSED_FUNCTION = YES;
				GCC_WARN_UNUSED_VARIABLE = YES;
				IPHONEOS_DEPLOYMENT_TARGET = 10.0;
				MTL_ENABLE_DEBUG_INFO = NO;
				SDKROOT = iphoneos;
				SWIFT_OPTIMIZATION_LEVEL = "-Owholemodule";
				TARGETED_DEVICE_FAMILY = "1,2";
				VALIDATE_PRODUCT = YES;
			};
			name = Release;
		};
		4857EEE11E2DF25A00801CBB /* Debug */ = {
			isa = XCBuildConfiguration;
			buildSettings = {
				ASSETCATALOG_COMPILER_APPICON_NAME = AppIcon;
				"CODE_SIGN_IDENTITY[sdk=iphoneos*]" = "iPhone Developer";
				DEVELOPMENT_TEAM = X753V7PNXY;
				INFOPLIST_FILE = Color/Info.plist;
				IPHONEOS_DEPLOYMENT_TARGET = 10.0;
				LD_RUNPATH_SEARCH_PATHS = "$(inherited) @executable_path/Frameworks";
				PRODUCT_BUNDLE_IDENTIFIER = org.danielw.ColorTest;
				PRODUCT_NAME = "$(TARGET_NAME)";
				PROVISIONING_PROFILE = "";
				PROVISIONING_PROFILE_SPECIFIER = "";
				SWIFT_VERSION = 3.0;
			};
			name = Debug;
		};
		4857EEE21E2DF25A00801CBB /* Release */ = {
			isa = XCBuildConfiguration;
			buildSettings = {
				ASSETCATALOG_COMPILER_APPICON_NAME = AppIcon;
				"CODE_SIGN_IDENTITY[sdk=iphoneos*]" = "iPhone Developer";
				DEVELOPMENT_TEAM = X753V7PNXY;
				INFOPLIST_FILE = Color/Info.plist;
				IPHONEOS_DEPLOYMENT_TARGET = 10.0;
				LD_RUNPATH_SEARCH_PATHS = "$(inherited) @executable_path/Frameworks";
				PRODUCT_BUNDLE_IDENTIFIER = org.danielw.ColorTest;
				PRODUCT_NAME = "$(TARGET_NAME)";
				SWIFT_VERSION = 3.0;
			};
			name = Release;
		};
/* End XCBuildConfiguration section */

/* Begin XCConfigurationList section */
		4857EEC61E2DF25A00801CBB /* Build configuration list for PBXProject "Color" */ = {
			isa = XCConfigurationList;
			buildConfigurations = (
				4857EEDE1E2DF25A00801CBB /* Debug */,
				4857EEDF1E2DF25A00801CBB /* Release */,
			);
			defaultConfigurationIsVisible = 0;
			defaultConfigurationName = Release;
		};
		4857EEE01E2DF25A00801CBB /* Build configuration list for PBXNativeTarget "Color" */ = {
			isa = XCConfigurationList;
			buildConfigurations = (
				4857EEE11E2DF25A00801CBB /* Debug */,
				4857EEE21E2DF25A00801CBB /* Release */,
			);
			defaultConfigurationIsVisible = 0;
			defaultConfigurationName = Release;
		};
/* End XCConfigurationList section */

/* Begin XCVersionGroup section */
		4857EED51E2DF25A00801CBB /* Color.xcdatamodeld */ = {
			isa = XCVersionGroup;
			children = (
				4857EED61E2DF25A00801CBB /* Color.xcdatamodel */,
			);
			currentVersion = 4857EED61E2DF25A00801CBB /* Color.xcdatamodel */;
			path = Color.xcdatamodeld;
			sourceTree = "<group>";
			versionGroupType = wrapper.xcdatamodel;
		};
/* End XCVersionGroup section */
	};
	rootObject = 4857EEC31E2DF25A00801CBB /* Project object */;
}
